
Microsoft Visual Studio Solution File, Format Version 12.00
# Visual Studio Version 17
VisualStudioVersion = 17.5.33530.505
MinimumVisualStudioVersion = 10.0.40219.1
Project("{FAE04EC0-301F-11D3-BF4B-00C04F79EFBC}") = "DiceRoll", "DiceRoll.csproj", "{8B670169-6BA3-4C97-A6E5-8B25796E3491}"
EndProject
Global
	GlobalSection(SolutionConfigurationPlatforms) = preSolution
		Debug|Any CPU = Debug|Any CPU
		Release|Any CPU = Release|Any CPU
	EndGlobalSection
	GlobalSection(ProjectConfigurationPlatforms) = postSolution
		{8B670169-6BA3-4C97-A6E5-8B25796E3491}.Debug|Any CPU.ActiveCfg = Debug|Any CPU
		{8B670169-6BA3-4C97-A6E5-8B25796E3491}.Debug|Any CPU.Build.0 = Debug|Any CPU
		{8B670169-6BA3-4C97-A6E5-8B25796E3491}.Release|Any CPU.ActiveCfg = Release|Any CPU
		{8B670169-6BA3-4C97-A6E5-8B25796E3491}.Release|Any CPU.Build.0 = Release|Any CPU
	EndGlobalSection
	GlobalSection(SolutionProperties) = preSolution
		HideSolutionNode = FALSE
	EndGlobalSection
	GlobalSection(ExtensibilityGlobals) = postSolution
		SolutionGuid = {04F9019C-AA94-4F5F-A006-25DC145EEE2E}
	EndGlobalSection
EndGlobal
